
Microsoft Visual Studio Solution File, Format Version 12.00
# Visual Studio Version 16
VisualStudioVersion = 16.0.28803.202
MinimumVisualStudioVersion = 10.0.40219.1
Project("{FAE04EC0-301F-11D3-BF4B-00C04F79EFBC}") = "FinancialTracker", "FinancialTracker.csproj", "{583220E4-AD42-4D21-B4A8-BC97FED57D36}"
EndProject
Global
	GlobalSection(SolutionConfigurationPlatforms) = preSolution
		Debug|Any CPU = Debug|Any CPU
		Release|Any CPU = Release|Any CPU
	EndGlobalSection
	GlobalSection(ProjectConfigurationPlatforms) = postSolution
		{583220E4-AD42-4D21-B4A8-BC97FED57D36}.Debug|Any CPU.ActiveCfg = Debug|Any CPU
		{583220E4-AD42-4D21-B4A8-BC97FED57D36}.Debug|Any CPU.Build.0 = Debug|Any CPU
		{583220E4-AD42-4D21-B4A8-BC97FED57D36}.Release|Any CPU.ActiveCfg = Release|Any CPU
		{583220E4-AD42-4D21-B4A8-BC97FED57D36}.Release|Any CPU.Build.0 = Release|Any CPU
	EndGlobalSection
	GlobalSection(SolutionProperties) = preSolution
		HideSolutionNode = FALSE
	EndGlobalSection
	GlobalSection(ExtensibilityGlobals) = postSolution
		SolutionGuid = {A24ECE67-1962-466D-B2E7-573BF57FA852}
	EndGlobalSection
EndGlobal
